github.com/gocarina/gocsv v0.0.0-20190821091544-020a928c6f4e h1:dAuXgdjT2qGRDgU3BxtkRPv+QEjkJ6XVfG27u0Mydjk=
github.com/gocarina/gocsv v0.0.0-20190821091544-020a928c6f4e/go.mod h1:/oj50ZdPq/cUjA02lMZhijk5kR31SEydKyqah1OgBuo=
github.com/tgoikawa/excel-csvjp v0.0.0-20190917063207-1e069dd1f2af h1:5lsIyLHCmh9XZ12oZvLRyO70jGK0XpBikKS4S0dJ64c=
